Microsoft Visual Studio Solution File, Format Version 12.00
# Visual Studio Version 18
VisualStudioVersion = 18.6.11822.322
MinimumVisualStudioVersion = 10.0.40219.1
Project("{8BC9CEB8-8B4A-11D0-8D11-00A0C91BC942}") = "Registration", "Registration\Registration.vcxproj", "{15214729-7277-466D-AB38-0058FA1E31BC}"
EndProject
Project("{8BC9CEB8-8B4A-11D0-8D11-00A0C91BC942}") = "Deflat", "Deflat\Deflat.vcxproj", "{99718CCC-93F7-407A-927F-2AF0571F9A0B}"
EndProject
Project("{8BC9CEB8-8B4A-11D0-8D11-00A0C91BC942}") = "Filter", "Filter\Filter.vcxproj", "{8C9EE325-6D41-46CC-819A-CB94D91B3FAD}"
EndProject
Project("{8BC9CEB8-8B4A-11D0-8D11-00A0C91BC942}") = "Unwrap", "Unwrap\Unwrap.vcxproj", "{A76767A4-FCC8-4A8E-9FD1-BAA28DEA5998}"
EndProject
Project("{8BC9CEB8-8B4A-11D0-8D11-00A0C91BC942}") = "Utils", "Utils\Utils.vcxproj", "{72E5449A-CF52-4C0B-BC12-3B65D8852C78}"
EndProject
Project("{8BC9CEB8-8B4A-11D0-8D11-00A0C91BC942}") = "test", "test\test.vcxproj", "{CB90DDDB-EC14-4E96-818D-E6AEB48E3AC7}"
EndProject
Project("{8BC9CEB8-8B4A-11D0-8D11-00A0C91BC942}") = "ComplexMat", "ComplexMat\ComplexMat.vcxproj", "{1722AA5B-2D2B-4F87-A36C-5D25A2F7AF42}"
EndProject
Project("{8BC9CEB8-8B4A-11D0-8D11-00A0C91BC942}") = "test2", "test2\test2.vcxproj", "{338141CC-C23A-4B34-8E77-B064545BD634}"
EndProject
Project("{8BC9CEB8-8B4A-11D0-8D11-00A0C91BC942}") = "test3", "test3\test3.vcxproj", "{70058159-A0F3-4B8E-A3D2-1101A5645F86}"
EndProject
Project("{8BC9CEB8-8B4A-11D0-8D11-00A0C91BC942}") = "FormatConversion", "FormatConversion\FormatConversion.vcxproj", "{68A3D4F6-C5C9-4604-9DE1-5D9C04EB456E}"
EndProject
Project("{8BC9CEB8-8B4A-11D0-8D11-00A0C91BC942}") = "Hdf5IO", "Hdf5IO\Hdf5IO.vcxproj", "{D2EF3583-99B5-423E-A7B5-28B6404B951E}"
EndProject
Project("{8BC9CEB8-8B4A-11D0-8D11-00A0C91BC942}") = "Hdf5AuditHarness", "Hdf5AuditHarness\Hdf5AuditHarness.vcxproj", "{B3FA4290-5D61-4E10-9CC5-28C9AE6DC0B9}"
EndProject
Project("{8BC9CEB8-8B4A-11D0-8D11-00A0C91BC942}") = "Dem", "Dem\Dem.vcxproj", "{B0857982-407A-4F6E-A5BD-5D0A55CBD819}"
EndProject
Project("{8BC9CEB8-8B4A-11D0-8D11-00A0C91BC942}") = "unziptool", "unziptool\unziptool.vcxproj", "{8615DB84-73AD-465B-A391-7E21B62E924C}"
EndProject
Project("{8BC9CEB8-8B4A-11D0-8D11-00A0C91BC942}") = "SBAS", "SBAS\SBAS.vcxproj", "{409C460B-BD71-4A0D-89C7-D0404E4D642E}"
EndProject
Project("{8BC9CEB8-8B4A-11D0-8D11-00A0C91BC942}") = "simulation", "simulation\simulation.vcxproj", "{B9A40C11-866D-4C98-B43B-DF2F7299A3F8}"
EndProject
Project("{8BC9CEB8-8B4A-11D0-8D11-00A0C91BC942}") = "Evaluation", "Evaluation\Evaluation.vcxproj", "{D7CA01BF-6516-426E-8C52-4401BDEC2ABA}"
EndProject
Project("{8BC9CEB8-8B4A-11D0-8D11-00A0C91BC942}") = "SARProcessing", "SARProcessing\SARProcessing.vcxproj", "{CBB0B04A-4C53-4461-AD0F-8D6819836839}"
EndProject
Project("{8BC9CEB8-8B4A-11D0-8D11-00A0C91BC942}") = "PSI", "PSI\PSI.vcxproj", "{C88EA5BA-0D2B-4F87-A36C-5D25A2F7AF99}"
EndProject
Project("{8BC9CEB8-8B4A-11D0-8D11-00A0C91BC942}") = "DeformationRateField", "DeformationRateField\DeformationRateField.vcxproj", "{961E62C9-4C5C-405B-9FE4-CF9158EA19E6}"
EndProject
Project("{8BC9CEB8-8B4A-11D0-8D11-00A0C91BC942}") = "GCPManager", "GCPManager\GCPManager.vcxproj", "{8CE82A9C-7F40-42EA-88A9-9CBEB7A27E01}"
EndProject
Project("{8BC9CEB8-8B4A-11D0-8D11-00A0C91BC942}") = "AtmosphericCorrection", "AtmosphericCorrection\AtmosphericCorrection.vcxproj", "{9E1F0360-15EE-4EA3-BE9F-18CD6066B96D}"
EndProject
Global
	GlobalSection(SolutionConfigurationPlatforms) = preSolution
		Debug|ARM = Debug|ARM
		Debug|Mixed Platforms = Debug|Mixed Platforms
		Debug|Win32 = Debug|Win32
		Debug|x64 = Debug|x64
		Release|ARM = Release|ARM
		Release|Mixed Platforms = Release|Mixed Platforms
		Release|Win32 = Release|Win32
		Release|x64 = Release|x64
	EndGlobalSection
	GlobalSection(ProjectConfigurationPlatforms) = postSolution
		{15214729-7277-466D-AB38-0058FA1E31BC}.Debug|ARM.ActiveCfg = Debug|Win32
		{15214729-7277-466D-AB38-0058FA1E31BC}.Debug|Mixed Platforms.ActiveCfg = Debug|Win32
		{15214729-7277-466D-AB38-0058FA1E31BC}.Debug|Mixed Platforms.Build.0 = Debug|Win32
		{15214729-7277-466D-AB38-0058FA1E31BC}.Debug|Win32.ActiveCfg = Debug|Win32
		{15214729-7277-466D-AB38-0058FA1E31BC}.Debug|Win32.Build.0 = Debug|Win32
		{15214729-7277-466D-AB38-0058FA1E31BC}.Debug|x64.ActiveCfg = Debug|x64
		{15214729-7277-466D-AB38-0058FA1E31BC}.Debug|x64.Build.0 = Debug|x64
		{15214729-7277-466D-AB38-0058FA1E31BC}.Release|ARM.ActiveCfg = Release|Win32
		{15214729-7277-466D-AB38-0058FA1E31BC}.Release|Mixed Platforms.ActiveCfg = Release|Win32
		{15214729-7277-466D-AB38-0058FA1E31BC}.Release|Mixed Platforms.Build.0 = Release|Win32
		{15214729-7277-466D-AB38-0058FA1E31BC}.Release|Win32.ActiveCfg = Release|Win32
		{15214729-7277-466D-AB38-0058FA1E31BC}.Release|Win32.Build.0 = Release|Win32
		{15214729-7277-466D-AB38-0058FA1E31BC}.Release|x64.ActiveCfg = Release|x64
		{15214729-7277-466D-AB38-0058FA1E31BC}.Release|x64.Build.0 = Release|x64
		{99718CCC-93F7-407A-927F-2AF0571F9A0B}.Debug|ARM.ActiveCfg = Debug|Win32
		{99718CCC-93F7-407A-927F-2AF0571F9A0B}.Debug|Mixed Platforms.ActiveCfg = Debug|Win32
		{99718CCC-93F7-407A-927F-2AF0571F9A0B}.Debug|Mixed Platforms.Build.0 = Debug|Win32
		{99718CCC-93F7-407A-927F-2AF0571F9A0B}.Debug|Win32.ActiveCfg = Debug|Win32
		{99718CCC-93F7-407A-927F-2AF0571F9A0B}.Debug|Win32.Build.0 = Debug|Win32
		{99718CCC-93F7-407A-927F-2AF0571F9A0B}.Debug|x64.ActiveCfg = Debug|x64
		{99718CCC-93F7-407A-927F-2AF0571F9A0B}.Debug|x64.Build.0 = Debug|x64
		{99718CCC-93F7-407A-927F-2AF0571F9A0B}.Release|ARM.ActiveCfg = Release|Win32
		{99718CCC-93F7-407A-927F-2AF0571F9A0B}.Release|Mixed Platforms.ActiveCfg = Release|Win32
		{99718CCC-93F7-407A-927F-2AF0571F9A0B}.Release|Mixed Platforms.Build.0 = Release|Win32
		{99718CCC-93F7-407A-927F-2AF0571F9A0B}.Release|Win32.ActiveCfg = Release|Win32
		{99718CCC-93F7-407A-927F-2AF0571F9A0B}.Release|Win32.Build.0 = Release|Win32
		{99718CCC-93F7-407A-927F-2AF0571F9A0B}.Release|x64.ActiveCfg = Release|x64
		{99718CCC-93F7-407A-927F-2AF0571F9A0B}.Release|x64.Build.0 = Release|x64
		{8C9EE325-6D41-46CC-819A-CB94D91B3FAD}.Debug|ARM.ActiveCfg = Debug|Win32
		{8C9EE325-6D41-46CC-819A-CB94D91B3FAD}.Debug|Mixed Platforms.ActiveCfg = Debug|Win32
		{8C9EE325-6D41-46CC-819A-CB94D91B3FAD}.Debug|Mixed Platforms.Build.0 = Debug|Win32
		{8C9EE325-6D41-46CC-819A-CB94D91B3FAD}.Debug|Win32.ActiveCfg = Debug|Win32
		{8C9EE325-6D41-46CC-819A-CB94D91B3FAD}.Debug|Win32.Build.0 = Debug|Win32
		{8C9EE325-6D41-46CC-819A-CB94D91B3FAD}.Debug|x64.ActiveCfg = Debug|x64
		{8C9EE325-6D41-46CC-819A-CB94D91B3FAD}.Debug|x64.Build.0 = Debug|x64
		{8C9EE325-6D41-46CC-819A-CB94D91B3FAD}.Release|ARM.ActiveCfg = Release|Win32
		{8C9EE325-6D41-46CC-819A-CB94D91B3FAD}.Release|Mixed Platforms.ActiveCfg = Release|Win32
		{8C9EE325-6D41-46CC-819A-CB94D91B3FAD}.Release|Mixed Platforms.Build.0 = Release|Win32
		{8C9EE325-6D41-46CC-819A-CB94D91B3FAD}.Release|Win32.ActiveCfg = Release|Win32
		{8C9EE325-6D41-46CC-819A-CB94D91B3FAD}.Release|Win32.Build.0 = Release|Win32
		{8C9EE325-6D41-46CC-819A-CB94D91B3FAD}.Release|x64.ActiveCfg = Release|x64
		{8C9EE325-6D41-46CC-819A-CB94D91B3FAD}.Release|x64.Build.0 = Release|x64
		{A76767A4-FCC8-4A8E-9FD1-BAA28DEA5998}.Debug|ARM.ActiveCfg = Debug|Win32
		{A76767A4-FCC8-4A8E-9FD1-BAA28DEA5998}.Debug|Mixed Platforms.ActiveCfg = Debug|Win32
		{A76767A4-FCC8-4A8E-9FD1-BAA28DEA5998}.Debug|Mixed Platforms.Build.0 = Debug|Win32
		{A76767A4-FCC8-4A8E-9FD1-BAA28DEA5998}.Debug|Win32.ActiveCfg = Debug|Win32
		{A76767A4-FCC8-4A8E-9FD1-BAA28DEA5998}.Debug|Win32.Build.0 = Debug|Win32
		{A76767A4-FCC8-4A8E-9FD1-BAA28DEA5998}.Debug|x64.ActiveCfg = Debug|x64
		{A76767A4-FCC8-4A8E-9FD1-BAA28DEA5998}.Debug|x64.Build.0 = Debug|x64
		{A76767A4-FCC8-4A8E-9FD1-BAA28DEA5998}.Release|ARM.ActiveCfg = Release|Win32
		{A76767A4-FCC8-4A8E-9FD1-BAA28DEA5998}.Release|Mixed Platforms.ActiveCfg = Release|Win32
		{A76767A4-FCC8-4A8E-9FD1-BAA28DEA5998}.Release|Mixed Platforms.Build.0 = Release|Win32
		{A76767A4-FCC8-4A8E-9FD1-BAA28DEA5998}.Release|Win32.ActiveCfg = Release|Win32
		{A76767A4-FCC8-4A8E-9FD1-BAA28DEA5998}.Release|Win32.Build.0 = Release|Win32
		{A76767A4-FCC8-4A8E-9FD1-BAA28DEA5998}.Release|x64.ActiveCfg = Release|x64
		{A76767A4-FCC8-4A8E-9FD1-BAA28DEA5998}.Release|x64.Build.0 = Release|x64
		{72E5449A-CF52-4C0B-BC12-3B65D8852C78}.Debug|ARM.ActiveCfg = Debug|Win32
		{72E5449A-CF52-4C0B-BC12-3B65D8852C78}.Debug|Mixed Platforms.ActiveCfg = Debug|Win32
		{72E5449A-CF52-4C0B-BC12-3B65D8852C78}.Debug|Mixed Platforms.Build.0 = Debug|Win32
		{72E5449A-CF52-4C0B-BC12-3B65D8852C78}.Debug|Win32.ActiveCfg = Debug|Win32
		{72E5449A-CF52-4C0B-BC12-3B65D8852C78}.Debug|Win32.Build.0 = Debug|Win32
		{72E5449A-CF52-4C0B-BC12-3B65D8852C78}.Debug|x64.ActiveCfg = Debug|x64
		{72E5449A-CF52-4C0B-BC12-3B65D8852C78}.Debug|x64.Build.0 = Debug|x64
		{72E5449A-CF52-4C0B-BC12-3B65D8852C78}.Release|ARM.ActiveCfg = Release|Win32
		{72E5449A-CF52-4C0B-BC12-3B65D8852C78}.Release|Mixed Platforms.ActiveCfg = Release|Win32
		{72E5449A-CF52-4C0B-BC12-3B65D8852C78}.Release|Mixed Platforms.Build.0 = Release|Win32
		{72E5449A-CF52-4C0B-BC12-3B65D8852C78}.Release|Win32.ActiveCfg = Release|Win32
		{72E5449A-CF52-4C0B-BC12-3B65D8852C78}.Release|Win32.Build.0 = Release|Win32
		{72E5449A-CF52-4C0B-BC12-3B65D8852C78}.Release|x64.ActiveCfg = Release|x64
		{72E5449A-CF52-4C0B-BC12-3B65D8852C78}.Release|x64.Build.0 = Release|x64
		{CB90DDDB-EC14-4E96-818D-E6AEB48E3AC7}.Debug|ARM.ActiveCfg = Debug|ARM
		{CB90DDDB-EC14-4E96-818D-E6AEB48E3AC7}.Debug|ARM.Build.0 = Debug|ARM
		{CB90DDDB-EC14-4E96-818D-E6AEB48E3AC7}.Debug|Mixed Platforms.ActiveCfg = Debug|Win32
		{CB90DDDB-EC14-4E96-818D-E6AEB48E3AC7}.Debug|Mixed Platforms.Build.0 = Debug|Win32
		{CB90DDDB-EC14-4E96-818D-E6AEB48E3AC7}.Debug|Win32.ActiveCfg = Debug|x64
		{CB90DDDB-EC14-4E96-818D-E6AEB48E3AC7}.Debug|Win32.Build.0 = Debug|x64
		{CB90DDDB-EC14-4E96-818D-E6AEB48E3AC7}.Debug|x64.ActiveCfg = Debug|x64
		{CB90DDDB-EC14-4E96-818D-E6AEB48E3AC7}.Release|ARM.ActiveCfg = Release|ARM
		{CB90DDDB-EC14-4E96-818D-E6AEB48E3AC7}.Release|ARM.Build.0 = Release|ARM
		{CB90DDDB-EC14-4E96-818D-E6AEB48E3AC7}.Release|Mixed Platforms.ActiveCfg = Release|Win32
		{CB90DDDB-EC14-4E96-818D-E6AEB48E3AC7}.Release|Mixed Platforms.Build.0 = Release|Win32
		{CB90DDDB-EC14-4E96-818D-E6AEB48E3AC7}.Release|Win32.ActiveCfg = Release|Win32
		{CB90DDDB-EC14-4E96-818D-E6AEB48E3AC7}.Release|Win32.Build.0 = Release|Win32
		{CB90DDDB-EC14-4E96-818D-E6AEB48E3AC7}.Release|x64.ActiveCfg = Release|x64
		{CB90DDDB-EC14-4E96-818D-E6AEB48E3AC7}.Release|x64.Build.0 = Release|x64
		{1722AA5B-2D2B-4F87-A36C-5D25A2F7AF42}.Debug|ARM.ActiveCfg = Debug|Win32
		{1722AA5B-2D2B-4F87-A36C-5D25A2F7AF42}.Debug|Mixed Platforms.ActiveCfg = Debug|Win32
		{1722AA5B-2D2B-4F87-A36C-5D25A2F7AF42}.Debug|Mixed Platforms.Build.0 = Debug|Win32
		{1722AA5B-2D2B-4F87-A36C-5D25A2F7AF42}.Debug|Win32.ActiveCfg = Debug|Win32
		{1722AA5B-2D2B-4F87-A36C-5D25A2F7AF42}.Debug|Win32.Build.0 = Debug|Win32
		{1722AA5B-2D2B-4F87-A36C-5D25A2F7AF42}.Debug|x64.ActiveCfg = Debug|x64
		{1722AA5B-2D2B-4F87-A36C-5D25A2F7AF42}.Debug|x64.Build.0 = Debug|x64
		{1722AA5B-2D2B-4F87-A36C-5D25A2F7AF42}.Release|ARM.ActiveCfg = Release|Win32
		{1722AA5B-2D2B-4F87-A36C-5D25A2F7AF42}.Release|Mixed Platforms.ActiveCfg = Release|Win32
		{1722AA5B-2D2B-4F87-A36C-5D25A2F7AF42}.Release|Mixed Platforms.Build.0 = Release|Win32
		{1722AA5B-2D2B-4F87-A36C-5D25A2F7AF42}.Release|Win32.ActiveCfg = Release|Win32
		{1722AA5B-2D2B-4F87-A36C-5D25A2F7AF42}.Release|Win32.Build.0 = Release|Win32
		{1722AA5B-2D2B-4F87-A36C-5D25A2F7AF42}.Release|x64.ActiveCfg = Release|x64
		{338141CC-C23A-4B34-8E77-B064545BD634}.Debug|ARM.ActiveCfg = Debug|Win32
		{338141CC-C23A-4B34-8E77-B064545BD634}.Debug|Mixed Platforms.ActiveCfg = Debug|Win32
		{338141CC-C23A-4B34-8E77-B064545BD634}.Debug|Mixed Platforms.Build.0 = Debug|Win32
		{338141CC-C23A-4B34-8E77-B064545BD634}.Debug|Win32.ActiveCfg = Debug|Win32
		{338141CC-C23A-4B34-8E77-B064545BD634}.Debug|Win32.Build.0 = Debug|Win32
		{338141CC-C23A-4B34-8E77-B064545BD634}.Debug|x64.ActiveCfg = Debug|x64
		{338141CC-C23A-4B34-8E77-B064545BD634}.Debug|x64.Build.0 = Debug|x64
		{338141CC-C23A-4B34-8E77-B064545BD634}.Release|ARM.ActiveCfg = Release|Win32
		{338141CC-C23A-4B34-8E77-B064545BD634}.Release|Mixed Platforms.ActiveCfg = Release|Win32
		{338141CC-C23A-4B34-8E77-B064545BD634}.Release|Mixed Platforms.Build.0 = Release|Win32
		{338141CC-C23A-4B34-8E77-B064545BD634}.Release|Win32.ActiveCfg = Release|Win32
		{338141CC-C23A-4B34-8E77-B064545BD634}.Release|Win32.Build.0 = Release|Win32
		{338141CC-C23A-4B34-8E77-B064545BD634}.Release|x64.ActiveCfg = Release|x64
		{338141CC-C23A-4B34-8E77-B064545BD634}.Release|x64.Build.0 = Release|x64
		{70058159-A0F3-4B8E-A3D2-1101A5645F86}.Debug|ARM.ActiveCfg = Debug|Win32
		{70058159-A0F3-4B8E-A3D2-1101A5645F86}.Debug|Mixed Platforms.ActiveCfg = Debug|Win32
		{70058159-A0F3-4B8E-A3D2-1101A5645F86}.Debug|Mixed Platforms.Build.0 = Debug|Win32
		{70058159-A0F3-4B8E-A3D2-1101A5645F86}.Debug|Win32.ActiveCfg = Debug|Win32
		{70058159-A0F3-4B8E-A3D2-1101A5645F86}.Debug|Win32.Build.0 = Debug|Win32
		{70058159-A0F3-4B8E-A3D2-1101A5645F86}.Debug|x64.ActiveCfg = Debug|x64
		{70058159-A0F3-4B8E-A3D2-1101A5645F86}.Release|ARM.ActiveCfg = Release|Win32
		{70058159-A0F3-4B8E-A3D2-1101A5645F86}.Release|Mixed Platforms.ActiveCfg = Release|Win32
		{70058159-A0F3-4B8E-A3D2-1101A5645F86}.Release|Mixed Platforms.Build.0 = Release|Win32
		{70058159-A0F3-4B8E-A3D2-1101A5645F86}.Release|Win32.ActiveCfg = Release|Win32
		{70058159-A0F3-4B8E-A3D2-1101A5645F86}.Release|Win32.Build.0 = Release|Win32
		{70058159-A0F3-4B8E-A3D2-1101A5645F86}.Release|x64.ActiveCfg = Release|x64
		{70058159-A0F3-4B8E-A3D2-1101A5645F86}.Release|x64.Build.0 = Release|x64
		{68A3D4F6-C5C9-4604-9DE1-5D9C04EB456E}.Debug|ARM.ActiveCfg = Debug|Win32
		{68A3D4F6-C5C9-4604-9DE1-5D9C04EB456E}.Debug|Mixed Platforms.ActiveCfg = Debug|Win32
		{68A3D4F6-C5C9-4604-9DE1-5D9C04EB456E}.Debug|Mixed Platforms.Build.0 = Debug|Win32
		{68A3D4F6-C5C9-4604-9DE1-5D9C04EB456E}.Debug|Win32.ActiveCfg = Debug|Win32
		{68A3D4F6-C5C9-4604-9DE1-5D9C04EB456E}.Debug|Win32.Build.0 = Debug|Win32
		{68A3D4F6-C5C9-4604-9DE1-5D9C04EB456E}.Debug|x64.ActiveCfg = Debug|x64
		{68A3D4F6-C5C9-4604-9DE1-5D9C04EB456E}.Debug|x64.Build.0 = Debug|x64
		{68A3D4F6-C5C9-4604-9DE1-5D9C04EB456E}.Release|ARM.ActiveCfg = Release|Win32
		{68A3D4F6-C5C9-4604-9DE1-5D9C04EB456E}.Release|Mixed Platforms.ActiveCfg = Release|Win32
		{68A3D4F6-C5C9-4604-9DE1-5D9C04EB456E}.Release|Mixed Platforms.Build.0 = Release|Win32
		{68A3D4F6-C5C9-4604-9DE1-5D9C04EB456E}.Release|Win32.ActiveCfg = Release|Win32
		{68A3D4F6-C5C9-4604-9DE1-5D9C04EB456E}.Release|Win32.Build.0 = Release|Win32
		{68A3D4F6-C5C9-4604-9DE1-5D9C04EB456E}.Release|x64.ActiveCfg = Release|x64
		{68A3D4F6-C5C9-4604-9DE1-5D9C04EB456E}.Release|x64.Build.0 = Release|x64
		{D2EF3583-99B5-423E-A7B5-28B6404B951E}.Debug|ARM.ActiveCfg = Debug|x64
		{D2EF3583-99B5-423E-A7B5-28B6404B951E}.Debug|ARM.Build.0 = Debug|x64
		{D2EF3583-99B5-423E-A7B5-28B6404B951E}.Debug|Mixed Platforms.ActiveCfg = Debug|x64
		{D2EF3583-99B5-423E-A7B5-28B6404B951E}.Debug|Mixed Platforms.Build.0 = Debug|x64
		{D2EF3583-99B5-423E-A7B5-28B6404B951E}.Debug|Win32.ActiveCfg = Debug|x64
		{D2EF3583-99B5-423E-A7B5-28B6404B951E}.Debug|Win32.Build.0 = Debug|x64
		{D2EF3583-99B5-423E-A7B5-28B6404B951E}.Debug|x64.ActiveCfg = Debug|x64
		{D2EF3583-99B5-423E-A7B5-28B6404B951E}.Debug|x64.Build.0 = Debug|x64
		{D2EF3583-99B5-423E-A7B5-28B6404B951E}.Release|ARM.ActiveCfg = Release|x64
		{D2EF3583-99B5-423E-A7B5-28B6404B951E}.Release|ARM.Build.0 = Release|x64
		{D2EF3583-99B5-423E-A7B5-28B6404B951E}.Release|Mixed Platforms.ActiveCfg = Release|x64
		{D2EF3583-99B5-423E-A7B5-28B6404B951E}.Release|Mixed Platforms.Build.0 = Release|x64
		{D2EF3583-99B5-423E-A7B5-28B6404B951E}.Release|Win32.ActiveCfg = Release|x64
		{D2EF3583-99B5-423E-A7B5-28B6404B951E}.Release|Win32.Build.0 = Release|x64
		{D2EF3583-99B5-423E-A7B5-28B6404B951E}.Release|x64.ActiveCfg = Release|x64
		{D2EF3583-99B5-423E-A7B5-28B6404B951E}.Release|x64.Build.0 = Release|x64
		{B3FA4290-5D61-4E10-9CC5-28C9AE6DC0B9}.Debug|ARM.ActiveCfg = Debug|x64
		{B3FA4290-5D61-4E10-9CC5-28C9AE6DC0B9}.Debug|Mixed Platforms.ActiveCfg = Debug|x64
		{B3FA4290-5D61-4E10-9CC5-28C9AE6DC0B9}.Debug|Win32.ActiveCfg = Debug|x64
		{B3FA4290-5D61-4E10-9CC5-28C9AE6DC0B9}.Debug|x64.ActiveCfg = Debug|x64
		{B3FA4290-5D61-4E10-9CC5-28C9AE6DC0B9}.Release|ARM.ActiveCfg = Release|x64
		{B3FA4290-5D61-4E10-9CC5-28C9AE6DC0B9}.Release|Mixed Platforms.ActiveCfg = Release|x64
		{B3FA4290-5D61-4E10-9CC5-28C9AE6DC0B9}.Release|Win32.ActiveCfg = Release|x64
		{B3FA4290-5D61-4E10-9CC5-28C9AE6DC0B9}.Release|x64.ActiveCfg = Release|x64
		{B0857982-407A-4F6E-A5BD-5D0A55CBD819}.Debug|ARM.ActiveCfg = Debug|Win32
		{B0857982-407A-4F6E-A5BD-5D0A55CBD819}.Debug|Mixed Platforms.ActiveCfg = Debug|Win32
		{B0857982-407A-4F6E-A5BD-5D0A55CBD819}.Debug|Mixed Platforms.Build.0 = Debug|Win32
		{B0857982-407A-4F6E-A5BD-5D0A55CBD819}.Debug|Win32.ActiveCfg = Debug|Win32
		{B0857982-407A-4F6E-A5BD-5D0A55CBD819}.Debug|Win32.Build.0 = Debug|Win32
		{B0857982-407A-4F6E-A5BD-5D0A55CBD819}.Debug|x64.ActiveCfg = Debug|x64
		{B0857982-407A-4F6E-A5BD-5D0A55CBD819}.Debug|x64.Build.0 = Debug|x64
		{B0857982-407A-4F6E-A5BD-5D0A55CBD819}.Release|ARM.ActiveCfg = Release|Win32
		{B0857982-407A-4F6E-A5BD-5D0A55CBD819}.Release|Mixed Platforms.ActiveCfg = Release|Win32
		{B0857982-407A-4F6E-A5BD-5D0A55CBD819}.Release|Mixed Platforms.Build.0 = Release|Win32
		{B0857982-407A-4F6E-A5BD-5D0A55CBD819}.Release|Win32.ActiveCfg = Release|Win32
		{B0857982-407A-4F6E-A5BD-5D0A55CBD819}.Release|Win32.Build.0 = Release|Win32
		{B0857982-407A-4F6E-A5BD-5D0A55CBD819}.Release|x64.ActiveCfg = Release|x64
		{B0857982-407A-4F6E-A5BD-5D0A55CBD819}.Release|x64.Build.0 = Release|x64
		{8615DB84-73AD-465B-A391-7E21B62E924C}.Debug|ARM.ActiveCfg = Debug|Win32
		{8615DB84-73AD-465B-A391-7E21B62E924C}.Debug|Mixed Platforms.ActiveCfg = Debug|Win32
		{8615DB84-73AD-465B-A391-7E21B62E924C}.Debug|Mixed Platforms.Build.0 = Debug|Win32
		{8615DB84-73AD-465B-A391-7E21B62E924C}.Debug|Win32.ActiveCfg = Debug|Win32
		{8615DB84-73AD-465B-A391-7E21B62E924C}.Debug|Win32.Build.0 = Debug|Win32
		{8615DB84-73AD-465B-A391-7E21B62E924C}.Debug|x64.ActiveCfg = Debug|x64
		{8615DB84-73AD-465B-A391-7E21B62E924C}.Debug|x64.Build.0 = Debug|x64
		{8615DB84-73AD-465B-A391-7E21B62E924C}.Release|ARM.ActiveCfg = Release|Win32
		{8615DB84-73AD-465B-A391-7E21B62E924C}.Release|Mixed Platforms.ActiveCfg = Release|Win32
		{8615DB84-73AD-465B-A391-7E21B62E924C}.Release|Mixed Platforms.Build.0 = Release|Win32
		{8615DB84-73AD-465B-A391-7E21B62E924C}.Release|Win32.ActiveCfg = Release|Win32
		{8615DB84-73AD-465B-A391-7E21B62E924C}.Release|Win32.Build.0 = Release|Win32
		{8615DB84-73AD-465B-A391-7E21B62E924C}.Release|x64.ActiveCfg = Release|x64
		{8615DB84-73AD-465B-A391-7E21B62E924C}.Release|x64.Build.0 = Release|x64
		{409C460B-BD71-4A0D-89C7-D0404E4D642E}.Debug|ARM.ActiveCfg = Debug|Win32
		{409C460B-BD71-4A0D-89C7-D0404E4D642E}.Debug|Mixed Platforms.ActiveCfg = Debug|Win32
		{409C460B-BD71-4A0D-89C7-D0404E4D642E}.Debug|Mixed Platforms.Build.0 = Debug|Win32
		{409C460B-BD71-4A0D-89C7-D0404E4D642E}.Debug|Win32.ActiveCfg = Debug|Win32
		{409C460B-BD71-4A0D-89C7-D0404E4D642E}.Debug|Win32.Build.0 = Debug|Win32
		{409C460B-BD71-4A0D-89C7-D0404E4D642E}.Debug|x64.ActiveCfg = Debug|x64
		{409C460B-BD71-4A0D-89C7-D0404E4D642E}.Debug|x64.Build.0 = Debug|x64
		{409C460B-BD71-4A0D-89C7-D0404E4D642E}.Release|ARM.ActiveCfg = Release|Win32
		{409C460B-BD71-4A0D-89C7-D0404E4D642E}.Release|Mixed Platforms.ActiveCfg = Release|Win32
		{409C460B-BD71-4A0D-89C7-D0404E4D642E}.Release|Mixed Platforms.Build.0 = Release|Win32
		{409C460B-BD71-4A0D-89C7-D0404E4D642E}.Release|Win32.ActiveCfg = Release|Win32
		{409C460B-BD71-4A0D-89C7-D0404E4D642E}.Release|Win32.Build.0 = Release|Win32
		{409C460B-BD71-4A0D-89C7-D0404E4D642E}.Release|x64.ActiveCfg = Release|x64
		{409C460B-BD71-4A0D-89C7-D0404E4D642E}.Release|x64.Build.0 = Release|x64
		{B9A40C11-866D-4C98-B43B-DF2F7299A3F8}.Debug|ARM.ActiveCfg = Debug|Win32
		{B9A40C11-866D-4C98-B43B-DF2F7299A3F8}.Debug|Mixed Platforms.ActiveCfg = Debug|Win32
		{B9A40C11-866D-4C98-B43B-DF2F7299A3F8}.Debug|Mixed Platforms.Build.0 = Debug|Win32
		{B9A40C11-866D-4C98-B43B-DF2F7299A3F8}.Debug|Win32.ActiveCfg = Debug|Win32
		{B9A40C11-866D-4C98-B43B-DF2F7299A3F8}.Debug|Win32.Build.0 = Debug|Win32
		{B9A40C11-866D-4C98-B43B-DF2F7299A3F8}.Debug|x64.ActiveCfg = Debug|x64
		{B9A40C11-866D-4C98-B43B-DF2F7299A3F8}.Debug|x64.Build.0 = Debug|x64
		{B9A40C11-866D-4C98-B43B-DF2F7299A3F8}.Release|ARM.ActiveCfg = Release|Win32
		{B9A40C11-866D-4C98-B43B-DF2F7299A3F8}.Release|Mixed Platforms.ActiveCfg = Release|Win32
		{B9A40C11-866D-4C98-B43B-DF2F7299A3F8}.Release|Mixed Platforms.Build.0 = Release|Win32
		{B9A40C11-866D-4C98-B43B-DF2F7299A3F8}.Release|Win32.ActiveCfg = Release|Win32
		{B9A40C11-866D-4C98-B43B-DF2F7299A3F8}.Release|Win32.Build.0 = Release|Win32
		{B9A40C11-866D-4C98-B43B-DF2F7299A3F8}.Release|x64.ActiveCfg = Release|x64
		{B9A40C11-866D-4C98-B43B-DF2F7299A3F8}.Release|x64.Build.0 = Release|x64
		{D7CA01BF-6516-426E-8C52-4401BDEC2ABA}.Debug|ARM.ActiveCfg = Debug|Win32
		{D7CA01BF-6516-426E-8C52-4401BDEC2ABA}.Debug|Mixed Platforms.ActiveCfg = Debug|Win32
		{D7CA01BF-6516-426E-8C52-4401BDEC2ABA}.Debug|Mixed Platforms.Build.0 = Debug|Win32
		{D7CA01BF-6516-426E-8C52-4401BDEC2ABA}.Debug|Win32.ActiveCfg = Debug|Win32
		{D7CA01BF-6516-426E-8C52-4401BDEC2ABA}.Debug|Win32.Build.0 = Debug|Win32
		{D7CA01BF-6516-426E-8C52-4401BDEC2ABA}.Debug|x64.ActiveCfg = Debug|x64
		{D7CA01BF-6516-426E-8C52-4401BDEC2ABA}.Debug|x64.Build.0 = Debug|x64
		{D7CA01BF-6516-426E-8C52-4401BDEC2ABA}.Release|ARM.ActiveCfg = Release|Win32
		{D7CA01BF-6516-426E-8C52-4401BDEC2ABA}.Release|Mixed Platforms.ActiveCfg = Release|Win32
		{D7CA01BF-6516-426E-8C52-4401BDEC2ABA}.Release|Mixed Platforms.Build.0 = Release|Win32
		{D7CA01BF-6516-426E-8C52-4401BDEC2ABA}.Release|Win32.ActiveCfg = Release|Win32
		{D7CA01BF-6516-426E-8C52-4401BDEC2ABA}.Release|Win32.Build.0 = Release|Win32
		{D7CA01BF-6516-426E-8C52-4401BDEC2ABA}.Release|x64.ActiveCfg = Release|x64
		{D7CA01BF-6516-426E-8C52-4401BDEC2ABA}.Release|x64.Build.0 = Release|x64
		{CBB0B04A-4C53-4461-AD0F-8D6819836839}.Debug|ARM.ActiveCfg = Debug|Win32
		{CBB0B04A-4C53-4461-AD0F-8D6819836839}.Debug|Mixed Platforms.ActiveCfg = Debug|Win32
		{CBB0B04A-4C53-4461-AD0F-8D6819836839}.Debug|Mixed Platforms.Build.0 = Debug|Win32
		{CBB0B04A-4C53-4461-AD0F-8D6819836839}.Debug|Win32.ActiveCfg = Debug|Win32
		{CBB0B04A-4C53-4461-AD0F-8D6819836839}.Debug|Win32.Build.0 = Debug|Win32
		{CBB0B04A-4C53-4461-AD0F-8D6819836839}.Debug|x64.ActiveCfg = Debug|x64
		{CBB0B04A-4C53-4461-AD0F-8D6819836839}.Debug|x64.Build.0 = Debug|x64
		{CBB0B04A-4C53-4461-AD0F-8D6819836839}.Release|ARM.ActiveCfg = Release|Win32
		{CBB0B04A-4C53-4461-AD0F-8D6819836839}.Release|Mixed Platforms.ActiveCfg = Release|Win32
		{CBB0B04A-4C53-4461-AD0F-8D6819836839}.Release|Mixed Platforms.Build.0 = Release|Win32
		{CBB0B04A-4C53-4461-AD0F-8D6819836839}.Release|Win32.ActiveCfg = Release|Win32
		{CBB0B04A-4C53-4461-AD0F-8D6819836839}.Release|Win32.Build.0 = Release|Win32
		{CBB0B04A-4C53-4461-AD0F-8D6819836839}.Release|x64.ActiveCfg = Release|x64
		{CBB0B04A-4C53-4461-AD0F-8D6819836839}.Release|x64.Build.0 = Release|x64
		{C88EA5BA-0D2B-4F87-A36C-5D25A2F7AF99}.Debug|ARM.ActiveCfg = Debug|Win32
		{C88EA5BA-0D2B-4F87-A36C-5D25A2F7AF99}.Debug|Mixed Platforms.ActiveCfg = Debug|Win32
		{C88EA5BA-0D2B-4F87-A36C-5D25A2F7AF99}.Debug|Mixed Platforms.Build.0 = Debug|Win32
		{C88EA5BA-0D2B-4F87-A36C-5D25A2F7AF99}.Debug|Win32.ActiveCfg = Debug|Win32
		{C88EA5BA-0D2B-4F87-A36C-5D25A2F7AF99}.Debug|Win32.Build.0 = Debug|Win32
		{C88EA5BA-0D2B-4F87-A36C-5D25A2F7AF99}.Debug|x64.ActiveCfg = Debug|x64
		{C88EA5BA-0D2B-4F87-A36C-5D25A2F7AF99}.Debug|x64.Build.0 = Debug|x64
		{C88EA5BA-0D2B-4F87-A36C-5D25A2F7AF99}.Release|ARM.ActiveCfg = Release|Win32
		{C88EA5BA-0D2B-4F87-A36C-5D25A2F7AF99}.Release|Mixed Platforms.ActiveCfg = Release|Win32
		{C88EA5BA-0D2B-4F87-A36C-5D25A2F7AF99}.Release|Mixed Platforms.Build.0 = Release|Win32
		{C88EA5BA-0D2B-4F87-A36C-5D25A2F7AF99}.Release|Win32.ActiveCfg = Release|Win32
		{C88EA5BA-0D2B-4F87-A36C-5D25A2F7AF99}.Release|Win32.Build.0 = Release|Win32
		{C88EA5BA-0D2B-4F87-A36C-5D25A2F7AF99}.Release|x64.ActiveCfg = Release|x64
		{C88EA5BA-0D2B-4F87-A36C-5D25A2F7AF99}.Release|x64.Build.0 = Release|x64
		{961E62C9-4C5C-405B-9FE4-CF9158EA19E6}.Debug|ARM.ActiveCfg = Debug|Win32
		{961E62C9-4C5C-405B-9FE4-CF9158EA19E6}.Debug|Mixed Platforms.ActiveCfg = Debug|Win32
		{961E62C9-4C5C-405B-9FE4-CF9158EA19E6}.Debug|Mixed Platforms.Build.0 = Debug|Win32
		{961E62C9-4C5C-405B-9FE4-CF9158EA19E6}.Debug|Win32.ActiveCfg = Debug|Win32
		{961E62C9-4C5C-405B-9FE4-CF9158EA19E6}.Debug|Win32.Build.0 = Debug|Win32
		{961E62C9-4C5C-405B-9FE4-CF9158EA19E6}.Debug|x64.ActiveCfg = Debug|x64
		{961E62C9-4C5C-405B-9FE4-CF9158EA19E6}.Debug|x64.Build.0 = Debug|x64
		{961E62C9-4C5C-405B-9FE4-CF9158EA19E6}.Release|ARM.ActiveCfg = Release|Win32
		{961E62C9-4C5C-405B-9FE4-CF9158EA19E6}.Release|Mixed Platforms.ActiveCfg = Release|Win32
		{961E62C9-4C5C-405B-9FE4-CF9158EA19E6}.Release|Mixed Platforms.Build.0 = Release|Win32
		{961E62C9-4C5C-405B-9FE4-CF9158EA19E6}.Release|Win32.ActiveCfg = Release|Win32
		{961E62C9-4C5C-405B-9FE4-CF9158EA19E6}.Release|Win32.Build.0 = Release|Win32
		{961E62C9-4C5C-405B-9FE4-CF9158EA19E6}.Release|x64.ActiveCfg = Release|x64
		{961E62C9-4C5C-405B-9FE4-CF9158EA19E6}.Release|x64.Build.0 = Release|x64
		{8CE82A9C-7F40-42EA-88A9-9CBEB7A27E01}.Debug|ARM.ActiveCfg = Debug|Win32
		{8CE82A9C-7F40-42EA-88A9-9CBEB7A27E01}.Debug|Mixed Platforms.ActiveCfg = Debug|Win32
		{8CE82A9C-7F40-42EA-88A9-9CBEB7A27E01}.Debug|Mixed Platforms.Build.0 = Debug|Win32
		{8CE82A9C-7F40-42EA-88A9-9CBEB7A27E01}.Debug|Win32.ActiveCfg = Debug|Win32
		{8CE82A9C-7F40-42EA-88A9-9CBEB7A27E01}.Debug|Win32.Build.0 = Debug|Win32
		{8CE82A9C-7F40-42EA-88A9-9CBEB7A27E01}.Debug|x64.ActiveCfg = Debug|x64
		{8CE82A9C-7F40-42EA-88A9-9CBEB7A27E01}.Debug|x64.Build.0 = Debug|x64
		{8CE82A9C-7F40-42EA-88A9-9CBEB7A27E01}.Release|ARM.ActiveCfg = Release|Win32
		{8CE82A9C-7F40-42EA-88A9-9CBEB7A27E01}.Release|Mixed Platforms.ActiveCfg = Release|Win32
		{8CE82A9C-7F40-42EA-88A9-9CBEB7A27E01}.Release|Mixed Platforms.Build.0 = Release|Win32
		{8CE82A9C-7F40-42EA-88A9-9CBEB7A27E01}.Release|Win32.ActiveCfg = Release|Win32
		{8CE82A9C-7F40-42EA-88A9-9CBEB7A27E01}.Release|Win32.Build.0 = Release|Win32
		{8CE82A9C-7F40-42EA-88A9-9CBEB7A27E01}.Release|x64.ActiveCfg = Release|x64
		{8CE82A9C-7F40-42EA-88A9-9CBEB7A27E01}.Release|x64.Build.0 = Release|x64
		{9E1F0360-15EE-4EA3-BE9F-18CD6066B96D}.Debug|ARM.ActiveCfg = Debug|Win32
		{9E1F0360-15EE-4EA3-BE9F-18CD6066B96D}.Debug|Mixed Platforms.ActiveCfg = Debug|Win32
		{9E1F0360-15EE-4EA3-BE9F-18CD6066B96D}.Debug|Mixed Platforms.Build.0 = Debug|Win32
		{9E1F0360-15EE-4EA3-BE9F-18CD6066B96D}.Debug|Win32.ActiveCfg = Debug|Win32
		{9E1F0360-15EE-4EA3-BE9F-18CD6066B96D}.Debug|Win32.Build.0 = Debug|Win32
		{9E1F0360-15EE-4EA3-BE9F-18CD6066B96D}.Debug|x64.ActiveCfg = Debug|x64
		{9E1F0360-15EE-4EA3-BE9F-18CD6066B96D}.Debug|x64.Build.0 = Debug|x64
		{9E1F0360-15EE-4EA3-BE9F-18CD6066B96D}.Release|ARM.ActiveCfg = Release|Win32
		{9E1F0360-15EE-4EA3-BE9F-18CD6066B96D}.Release|Mixed Platforms.ActiveCfg = Release|Win32
		{9E1F0360-15EE-4EA3-BE9F-18CD6066B96D}.Release|Mixed Platforms.Build.0 = Release|Win32
		{9E1F0360-15EE-4EA3-BE9F-18CD6066B96D}.Release|Win32.ActiveCfg = Release|Win32
		{9E1F0360-15EE-4EA3-BE9F-18CD6066B96D}.Release|Win32.Build.0 = Release|Win32
		{9E1F0360-15EE-4EA3-BE9F-18CD6066B96D}.Release|x64.ActiveCfg = Release|x64
		{9E1F0360-15EE-4EA3-BE9F-18CD6066B96D}.Release|x64.Build.0 = Release|x64
	EndGlobalSection
	GlobalSection(SolutionProperties) = preSolution
		HideSolutionNode = FALSE
	EndGlobalSection
	GlobalSection(ExtensibilityGlobals) = postSolution
		SolutionGuid = {DFC19D1F-AA85-42A5-96F7-14142646B978}
	EndGlobalSection
EndGlobal
