<?xml version="1.0" encoding="utf-8"?>
<Project ToolsVersion="4.0" xmlns="http://schemas.microsoft.com/developer/msbuild/2003">
  <ItemGroup>
    <Filter Include="Source Files">
      <UniqueIdentifier>{4FC737F1-C7A5-4376-A066-2A32D752A2FF}</UniqueIdentifier>
      <Extensions>cpp;c;cc;cxx;def;odl;idl;hpj;bat;asm;asmx</Extensions>
    </Filter>
    <Filter Include="Header Files">
      <UniqueIdentifier>{93995380-89BD-4b04-88EB-625FBE52EBFB}</UniqueIdentifier>
      <Extensions>h;hh;hpp;hxx;hm;inl;inc;ipp;xsd</Extensions>
    </Filter>
    <Filter Include="kiss_fft">
      <UniqueIdentifier>{ad26fa66-7b44-486f-be67-73d8377751c1}</UniqueIdentifier>
    </Filter>
  </ItemGroup>
  <ItemGroup>
    <ClInclude Include="..\include\AtmosphericCorrection.h">
      <Filter>Header Files</Filter>
    </ClInclude>
    <ClInclude Include="stdafx.h">
      <Filter>Header Files</Filter>
    </ClInclude>
    <ClInclude Include="kiss_fft\kiss_fft.h">
      <Filter>kiss_fft</Filter>
    </ClInclude>
    <ClInclude Include="kiss_fft\_kiss_fft_guts.h">
      <Filter>kiss_fft</Filter>
    </ClInclude>
    <ClInclude Include="kiss_fft\kiss_fft_log.h">
      <Filter>kiss_fft</Filter>
    </ClInclude>
  </ItemGroup>
  <ItemGroup>
    <ClCompile Include="dllmain.cpp">
      <Filter>Source Files</Filter>
    </ClCompile>
    <ClCompile Include="stdafx.cpp">
      <Filter>Source Files</Filter>
    </ClCompile>
    <ClCompile Include="TroposphericCorrection.cpp">
      <Filter>Source Files</Filter>
    </ClCompile>
    <ClCompile Include="IonosphericCorrection.cpp">
      <Filter>Source Files</Filter>
    </ClCompile>
    <ClCompile Include="PhaseElevationRegression.cpp">
      <Filter>Source Files</Filter>
    </ClCompile>
    <ClCompile Include="GacosCorrection.cpp">
      <Filter>Source Files</Filter>
    </ClCompile>
    <ClCompile Include="kiss_fft\kiss_fft.c">
      <Filter>kiss_fft</Filter>
    </ClCompile>
  </ItemGroup>
</Project>
